
Microsoft Visual Studio Solution File, Format Version 12.00
# Visual Studio Version 17
VisualStudioVersion = 17.4.33213.308
MinimumVisualStudioVersion = 10.0.40219.1
Project("{FAE04EC0-301F-11D3-BF4B-00C04F79EFBC}") = "ExamenIIPG3_P3.Android", "ExamenIIPG3_P3\ExamenIIPG3_P3.Android\ExamenIIPG3_P3.Android.csproj", "{BF25E275-42A7-4B18-8C02-E694C3DFB788}"
EndProject
Project("{FAE04EC0-301F-11D3-BF4B-00C04F79EFBC}") = "ExamenIIPG3_P3", "ExamenIIPG3_P3\ExamenIIPG3_P3\ExamenIIPG3_P3.csproj", "{91FE93FD-952A-4591-ACE4-4A1E0279BD55}"
EndProject
Global
	GlobalSection(SolutionConfigurationPlatforms) = preSolution
		Debug|Any CPU = Debug|Any CPU
		Release|Any CPU = Release|Any CPU
	EndGlobalSection
	GlobalSection(ProjectConfigurationPlatforms) = postSolution
		{BF25E275-42A7-4B18-8C02-E694C3DFB788}.Debug|Any CPU.ActiveCfg = Debug|Any CPU
		{BF25E275-42A7-4B18-8C02-E694C3DFB788}.Debug|Any CPU.Build.0 = Debug|Any CPU
		{BF25E275-42A7-4B18-8C02-E694C3DFB788}.Debug|Any CPU.Deploy.0 = Debug|Any CPU
		{BF25E275-42A7-4B18-8C02-E694C3DFB788}.Release|Any CPU.ActiveCfg = Release|Any CPU
		{BF25E275-42A7-4B18-8C02-E694C3DFB788}.Release|Any CPU.Build.0 = Release|Any CPU
		{BF25E275-42A7-4B18-8C02-E694C3DFB788}.Release|Any CPU.Deploy.0 = Release|Any CPU
		{91FE93FD-952A-4591-ACE4-4A1E0279BD55}.Debug|Any CPU.ActiveCfg = Debug|Any CPU
		{91FE93FD-952A-4591-ACE4-4A1E0279BD55}.Debug|Any CPU.Build.0 = Debug|Any CPU
		{91FE93FD-952A-4591-ACE4-4A1E0279BD55}.Debug|Any CPU.Deploy.0 = Debug|Any CPU
		{91FE93FD-952A-4591-ACE4-4A1E0279BD55}.Release|Any CPU.ActiveCfg = Release|Any CPU
		{91FE93FD-952A-4591-ACE4-4A1E0279BD55}.Release|Any CPU.Build.0 = Release|Any CPU
		{91FE93FD-952A-4591-ACE4-4A1E0279BD55}.Release|Any CPU.Deploy.0 = Release|Any CPU
	EndGlobalSection
	GlobalSection(SolutionProperties) = preSolution
		HideSolutionNode = FALSE
	EndGlobalSection
	GlobalSection(ExtensibilityGlobals) = postSolution
		SolutionGuid = {8945B862-092F-46E9-9004-B21CA7C74453}
	EndGlobalSection
EndGlobal
